
Microsoft Visual Studio Solution File, Format Version 12.00
# Visual Studio Version 17
VisualStudioVersion = 17.9.34622.214
MinimumVisualStudioVersion = 10.0.40219.1
Project("{FAE04EC0-301F-11D3-BF4B-00C04F79EFBC}") = "PosApplication", "PosApplication.csproj", "{E048F20B-B8AE-49D7-BF07-514411FF6320}"
EndProject
Global
	GlobalSection(SolutionConfigurationPlatforms) = preSolution
		Debug|Any CPU = Debug|Any CPU
		Release|Any CPU = Release|Any CPU
	EndGlobalSection
	GlobalSection(ProjectConfigurationPlatforms) = postSolution
		{E048F20B-B8AE-49D7-BF07-514411FF6320}.Debug|Any CPU.ActiveCfg = Debug|Any CPU
		{E048F20B-B8AE-49D7-BF07-514411FF6320}.Debug|Any CPU.Build.0 = Debug|Any CPU
		{E048F20B-B8AE-49D7-BF07-514411FF6320}.Release|Any CPU.ActiveCfg = Release|Any CPU
		{E048F20B-B8AE-49D7-BF07-514411FF6320}.Release|Any CPU.Build.0 = Release|Any CPU
	EndGlobalSection
	GlobalSection(SolutionProperties) = preSolution
		HideSolutionNode = FALSE
	EndGlobalSection
	GlobalSection(ExtensibilityGlobals) = postSolution
		SolutionGuid = {7CB512DF-30E6-4817-A69B-F5C0571BFD51}
	EndGlobalSection
EndGlobal
